
Microsoft Visual Studio Solution File, Format Version 12.00
# Visual Studio Version 17
VisualStudioVersion = 17.4.33205.214
MinimumVisualStudioVersion = 10.0.40219.1
Project("{9A19103F-16F7-4668-BE54-9A1E7A4F7556}") = "SSharp", "SSharp\SSharp.csproj", "{5DFBC7D6-AAFC-460F-80BF-E9E24A03E8E2}"
EndProject
Project("{9A19103F-16F7-4668-BE54-9A1E7A4F7556}") = "SSharpInterpreter", "SSharpInterpreter\SSharpInterpreter.csproj", "{1DEAE3DE-C6E7-4DED-B272-997A169661BD}"
EndProject
Project("{9A19103F-16F7-4668-BE54-9A1E7A4F7556}") = "SSharp.TestLibrary", "SSharp.TestLibrary\SSharp.TestLibrary.csproj", "{06C70207-BCC9-4D66-8D94-696C6AD02203}"
EndProject
Project("{FAE04EC0-301F-11D3-BF4B-00C04F79EFBC}") = "SSharp.Desktop", "SSharp.Desktop\SSharp.Desktop.csproj", "{0C059093-9432-4121-98BD-BDA20510889E}"
EndProject
Project("{FAE04EC0-301F-11D3-BF4B-00C04F79EFBC}") = "SSharp.FileManagement", "SSharp.FileManagement\SSharp.FileManagement.csproj", "{F13F2BA5-E579-4C17-9278-AC90DC77801F}"
EndProject
Global
	GlobalSection(SolutionConfigurationPlatforms) = preSolution
		Debug|Any CPU = Debug|Any CPU
		Release|Any CPU = Release|Any CPU
	EndGlobalSection
	GlobalSection(ProjectConfigurationPlatforms) = postSolution
		{5DFBC7D6-AAFC-460F-80BF-E9E24A03E8E2}.Debug|Any CPU.ActiveCfg = Debug|Any CPU
		{5DFBC7D6-AAFC-460F-80BF-E9E24A03E8E2}.Debug|Any CPU.Build.0 = Debug|Any CPU
		{5DFBC7D6-AAFC-460F-80BF-E9E24A03E8E2}.Release|Any CPU.ActiveCfg = Release|Any CPU
		{5DFBC7D6-AAFC-460F-80BF-E9E24A03E8E2}.Release|Any CPU.Build.0 = Release|Any CPU
		{1DEAE3DE-C6E7-4DED-B272-997A169661BD}.Debug|Any CPU.ActiveCfg = Debug|Any CPU
		{1DEAE3DE-C6E7-4DED-B272-997A169661BD}.Debug|Any CPU.Build.0 = Debug|Any CPU
		{1DEAE3DE-C6E7-4DED-B272-997A169661BD}.Release|Any CPU.ActiveCfg = Release|Any CPU
		{1DEAE3DE-C6E7-4DED-B272-997A169661BD}.Release|Any CPU.Build.0 = Release|Any CPU
		{06C70207-BCC9-4D66-8D94-696C6AD02203}.Debug|Any CPU.ActiveCfg = Debug|Any CPU
		{06C70207-BCC9-4D66-8D94-696C6AD02203}.Debug|Any CPU.Build.0 = Debug|Any CPU
		{06C70207-BCC9-4D66-8D94-696C6AD02203}.Release|Any CPU.ActiveCfg = Release|Any CPU
		{06C70207-BCC9-4D66-8D94-696C6AD02203}.Release|Any CPU.Build.0 = Release|Any CPU
		{0C059093-9432-4121-98BD-BDA20510889E}.Debug|Any CPU.ActiveCfg = Debug|Any CPU
		{0C059093-9432-4121-98BD-BDA20510889E}.Debug|Any CPU.Build.0 = Debug|Any CPU
		{0C059093-9432-4121-98BD-BDA20510889E}.Release|Any CPU.ActiveCfg = Release|Any CPU
		{0C059093-9432-4121-98BD-BDA20510889E}.Release|Any CPU.Build.0 = Release|Any CPU
		{F13F2BA5-E579-4C17-9278-AC90DC77801F}.Debug|Any CPU.ActiveCfg = Debug|Any CPU
		{F13F2BA5-E579-4C17-9278-AC90DC77801F}.Debug|Any CPU.Build.0 = Debug|Any CPU
		{F13F2BA5-E579-4C17-9278-AC90DC77801F}.Release|Any CPU.ActiveCfg = Release|Any CPU
		{F13F2BA5-E579-4C17-9278-AC90DC77801F}.Release|Any CPU.Build.0 = Release|Any CPU
	EndGlobalSection
	GlobalSection(SolutionProperties) = preSolution
		HideSolutionNode = FALSE
	EndGlobalSection
	GlobalSection(ExtensibilityGlobals) = postSolution
		SolutionGuid = {A402F6D5-EB25-47B6-8181-BA67545DCA46}
	EndGlobalSection
EndGlobal
